
Microsoft Visual Studio Solution File, Format Version 12.00
# Visual Studio Version 17
VisualStudioVersion = 17.10.34928.147
MinimumVisualStudioVersion = 10.0.40219.1
Project("{9A19103F-16F7-4668-BE54-9A1E7A4F7556}") = "WebApplication", "WebApplication\WebApplication.csproj", "{F575F695-2561-411F-BE44-C08BAE348E5B}"
EndProject
Project("{FAE04EC0-301F-11D3-BF4B-00C04F79EFBC}") = "PathPlanning", "PathPlanning\PathPlanning.csproj", "{A0EF5704-130A-4449-9672-4F01258FD690}"
EndProject
Global
	GlobalSection(SolutionConfigurationPlatforms) = preSolution
		Debug|Any CPU = Debug|Any CPU
		Release|Any CPU = Release|Any CPU
	EndGlobalSection
	GlobalSection(ProjectConfigurationPlatforms) = postSolution
		{F575F695-2561-411F-BE44-C08BAE348E5B}.Debug|Any CPU.ActiveCfg = Debug|Any CPU
		{F575F695-2561-411F-BE44-C08BAE348E5B}.Debug|Any CPU.Build.0 = Debug|Any CPU
		{F575F695-2561-411F-BE44-C08BAE348E5B}.Release|Any CPU.ActiveCfg = Release|Any CPU
		{F575F695-2561-411F-BE44-C08BAE348E5B}.Release|Any CPU.Build.0 = Release|Any CPU
		{A0EF5704-130A-4449-9672-4F01258FD690}.Debug|Any CPU.ActiveCfg = Debug|Any CPU
		{A0EF5704-130A-4449-9672-4F01258FD690}.Debug|Any CPU.Build.0 = Debug|Any CPU
		{A0EF5704-130A-4449-9672-4F01258FD690}.Release|Any CPU.ActiveCfg = Release|Any CPU
		{A0EF5704-130A-4449-9672-4F01258FD690}.Release|Any CPU.Build.0 = Release|Any CPU
	EndGlobalSection
	GlobalSection(SolutionProperties) = preSolution
		HideSolutionNode = FALSE
	EndGlobalSection
	GlobalSection(ExtensibilityGlobals) = postSolution
		SolutionGuid = {AE35919E-9A6A-4BA9-9A58-151F3A5DD4C5}
	EndGlobalSection
EndGlobal
